
Microsoft Visual Studio Solution File, Format Version 12.00
# Visual Studio Version 16
VisualStudioVersion = 16.0.30717.126
MinimumVisualStudioVersion = 10.0.40219.1
Project("{FAE04EC0-301F-11D3-BF4B-00C04F79EFBC}") = "RegGarrettInventorySystem", "RegGarrettInventorySystem\RegGarrettInventorySystem.csproj", "{CFB2AB20-8EA5-43A6-A3DD-C96AD0D3F94E}"
EndProject
Global
	GlobalSection(SolutionConfigurationPlatforms) = preSolution
		Debug|Any CPU = Debug|Any CPU
		Release|Any CPU = Release|Any CPU
	EndGlobalSection
	GlobalSection(ProjectConfigurationPlatforms) = postSolution
		{CFB2AB20-8EA5-43A6-A3DD-C96AD0D3F94E}.Debug|Any CPU.ActiveCfg = Debug|Any CPU
		{CFB2AB20-8EA5-43A6-A3DD-C96AD0D3F94E}.Debug|Any CPU.Build.0 = Debug|Any CPU
		{CFB2AB20-8EA5-43A6-A3DD-C96AD0D3F94E}.Release|Any CPU.ActiveCfg = Release|Any CPU
		{CFB2AB20-8EA5-43A6-A3DD-C96AD0D3F94E}.Release|Any CPU.Build.0 = Release|Any CPU
	EndGlobalSection
	GlobalSection(SolutionProperties) = preSolution
		HideSolutionNode = FALSE
	EndGlobalSection
	GlobalSection(ExtensibilityGlobals) = postSolution
		SolutionGuid = {88F95C03-4AEF-4A10-B05F-7DAE988AEE94}
	EndGlobalSection
EndGlobal
